{
  "requires": true,
  "lockfileVersion": 1,
  "dependencies": {
    "debug": {
      "version": "0.8.1",
      "resolved": "https://registry.npmjs.org/debug/-/debug-0.8.1.tgz",
      "integrity": "sha1-IP9NJvXkIstoobrLu2EDmtjBwTA="
    },
    "envs": {
      "version": "0.1.6",
      "resolved": "https://registry.npmjs.org/envs/-/envs-0.1.6.tgz",
      "integrity": "sha1-F+EL/zBjABZo9h0K++ZDX2LXoWA=",
      "requires": {
        "debug": "~0.8.1",
        "require-component": "~0.1.0"
      }
    },
    "require-component": {
      "version": "0.1.1",
      "resolved": "https://registry.npmjs.org/require-component/-/require-component-0.1.1.tgz",
      "integrity": "sha1-mTxs5lri7taBVQlNIfzEXuYaBCM="
    }
  }
}
